// !$*UTF8*$!
{
	archiveVersion = 1;
	classes = {
	};
	objectVersion = 50;
	objects = {

/* Begin PBXBuildFile section */
		84277D4122DCF21800A334A4 /* AppDelegate.swift in Sources */ = {isa = PBXBuildFile; fileRef = 84277D4022DCF21800A334A4 /* AppDelegate.swift */; };
		84277D4322DCF21800A334A4 /* GameScene.sks in Resources */ = {isa = PBXBuildFile; fileRef = 84277D4222DCF21800A334A4 /* GameScene.sks */; };
		84277D4522DCF21800A334A4 /* Actions.sks in Resources */ = {isa = PBXBuildFile; fileRef = 84277D4422DCF21800A334A4 /* Actions.sks */; };
		84277D4722DCF21800A334A4 /* GameScene.swift in Sources */ = {isa = PBXBuildFile; fileRef = 84277D4622DCF21800A334A4 /* GameScene.swift */; };
		84277D4922DCF21800A334A4 /* GameViewController.swift in Sources */ = {isa = PBXBuildFile; fileRef = 84277D4822DCF21800A334A4 /* GameViewController.swift */; };
		84277D4C22DCF21800A334A4 /* Main.storyboard in Resources */ = {isa = PBXBuildFile; fileRef = 84277D4A22DCF21800A334A4 /* Main.storyboard */; };
		84277D4E22DCF21900A334A4 /* Assets.xcassets in Resources */ = {isa = PBXBuildFile; fileRef = 84277D4D22DCF21900A334A4 /* Assets.xcassets */; };
		84277D5122DCF21900A334A4 /* LaunchScreen.storyboard in Resources */ = {isa = PBXBuildFile; fileRef = 84277D4F22DCF21900A334A4 /* LaunchScreen.storyboard */; };
		848E35BE22DE33E500223CF5 /* explosion.sks in Resources */ = {isa = PBXBuildFile; fileRef = 848E35B622DE33E500223CF5 /* explosion.sks */; };
		848E35BF22DE33E500223CF5 /* tv@2x.png in Resources */ = {isa = PBXBuildFile; fileRef = 848E35B722DE33E500223CF5 /* tv@2x.png */; };
		848E35C022DE33E500223CF5 /* bigSpark.png in Resources */ = {isa = PBXBuildFile; fileRef = 848E35B822DE33E500223CF5 /* bigSpark.png */; };
		848E35C122DE33E500223CF5 /* spark.png in Resources */ = {isa = PBXBuildFile; fileRef = 848E35B922DE33E500223CF5 /* spark.png */; };
		848E35C222DE33E500223CF5 /* player@2x.png in Resources */ = {isa = PBXBuildFile; fileRef = 848E35BA22DE33E500223CF5 /* player@2x.png */; };
		848E35C322DE33E500223CF5 /* ball@2x.png in Resources */ = {isa = PBXBuildFile; fileRef = 848E35BB22DE33E500223CF5 /* ball@2x.png */; };
		848E35C422DE33E500223CF5 /* starfield.sks in Resources */ = {isa = PBXBuildFile; fileRef = 848E35BC22DE33E500223CF5 /* starfield.sks */; };
		848E35C522DE33E500223CF5 /* hammer@2x.png in Resources */ = {isa = PBXBuildFile; fileRef = 848E35BD22DE33E500223CF5 /* hammer@2x.png */; };
/* End PBXBuildFile section */

/* Begin PBXFileReference section */
		84277D3D22DCF21800A334A4 /* Project17SpaceRace.app */ = {isa = PBXFileReference; explicitFileType = wrapper.application; includeInIndex = 0; path = Project17SpaceRace.app; sourceTree = BUILT_PRODUCTS_DIR; };
		84277D4022DCF21800A334A4 /* AppDelegate.swift */ = {isa = PBXFileReference; lastKnownFileType = sourcecode.swift; path = AppDelegate.swift; sourceTree = "<group>"; };
		84277D4222DCF21800A334A4 /* GameScene.sks */ = {isa = PBXFileReference; lastKnownFileType = file.sks; path = GameScene.sks; sourceTree = "<group>"; };
		84277D4422DCF21800A334A4 /* Actions.sks */ = {isa = PBXFileReference; lastKnownFileType = file.sks; path = Actions.sks; sourceTree = "<group>"; };
		84277D4622DCF21800A334A4 /* GameScene.swift */ = {isa = PBXFileReference; lastKnownFileType = sourcecode.swift; path = GameScene.swift; sourceTree = "<group>"; };
		84277D4822DCF21800A334A4 /* GameViewController.swift */ = {isa = PBXFileReference; lastKnownFileType = sourcecode.swift; path = GameViewController.swift; sourceTree = "<group>"; };
		84277D4B22DCF21800A334A4 /* Base */ = {isa = PBXFileReference; lastKnownFileType = file.storyboard; name = Base; path = Base.lproj/Main.storyboard; sourceTree = "<group>"; };
		84277D4D22DCF21900A334A4 /* Assets.xcassets */ = {isa = PBXFileReference; lastKnownFileType = folder.assetcatalog; path = Assets.xcassets; sourceTree = "<group>"; };
		84277D5022DCF21900A334A4 /* Base */ = {isa = PBXFileReference; lastKnownFileType = file.storyboard; name = Base; path = Base.lproj/LaunchScreen.storyboard; sourceTree = "<group>"; };
		84277D5222DCF21900A334A4 /* Info.plist */ = {isa = PBXFileReference; lastKnownFileType = text.plist.xml; path = Info.plist; sourceTree = "<group>"; };
		848E35B622DE33E500223CF5 /* explosion.sks */ = {isa = PBXFileReference; lastKnownFileType = file.sks; path = explosion.sks; sourceTree = "<group>"; };
		848E35B722DE33E500223CF5 /* tv@2x.png */ = {isa = PBXFileReference; lastKnownFileType = image.png; path = "tv@2x.png"; sourceTree = "<group>"; };
		848E35B822DE33E500223CF5 /* bigSpark.png */ = {isa = PBXFileReference; lastKnownFileType = image.png; path = bigSpark.png; sourceTree = "<group>"; };
		848E35B922DE33E500223CF5 /* spark.png */ = {isa = PBXFileReference; lastKnownFileType = image.png; path = spark.png; sourceTree = "<group>"; };
		848E35BA22DE33E500223CF5 /* player@2x.png */ = {isa = PBXFileReference; lastKnownFileType = image.png; path = "player@2x.png"; sourceTree = "<group>"; };
		848E35BB22DE33E500223CF5 /* ball@2x.png */ = {isa = PBXFileReference; lastKnownFileType = image.png; path = "ball@2x.png"; sourceTree = "<group>"; };
		848E35BC22DE33E500223CF5 /* starfield.sks */ = {isa = PBXFileReference; lastKnownFileType = file.sks; path = starfield.sks; sourceTree = "<group>"; };
		848E35BD22DE33E500223CF5 /* hammer@2x.png */ = {isa = PBXFileReference; lastKnownFileType = image.png; path = "hammer@2x.png"; sourceTree = "<group>"; };
/* End PBXFileReference section */

/* Begin PBXFrameworksBuildPhase section */
		84277D3A22DCF21800A334A4 /* Frameworks */ = {
			isa = PBXFrameworksBuildPhase;
			buildActionMask = 2147483647;
			files = (
			);
			runOnlyForDeploymentPostprocessing = 0;
		};
/* End PBXFrameworksBuildPhase section */

/* Begin PBXGroup section */
		84277D3422DCF21800A334A4 = {
			isa = PBXGroup;
			children = (
				84277D3F22DCF21800A334A4 /* Project17SpaceRace */,
				84277D3E22DCF21800A334A4 /* Products */,
			);
			sourceTree = "<group>";
		};
		84277D3E22DCF21800A334A4 /* Products */ = {
			isa = PBXGroup;
			children = (
				84277D3D22DCF21800A334A4 /* Project17SpaceRace.app */,
			);
			name = Products;
			sourceTree = "<group>";
		};
		84277D3F22DCF21800A334A4 /* Project17SpaceRace */ = {
			isa = PBXGroup;
			children = (
				84277D4022DCF21800A334A4 /* AppDelegate.swift */,
				84277D4222DCF21800A334A4 /* GameScene.sks */,
				84277D4422DCF21800A334A4 /* Actions.sks */,
				84277D4622DCF21800A334A4 /* GameScene.swift */,
				84277D4822DCF21800A334A4 /* GameViewController.swift */,
				84277D4A22DCF21800A334A4 /* Main.storyboard */,
				84277D4D22DCF21900A334A4 /* Assets.xcassets */,
				84277D4F22DCF21900A334A4 /* LaunchScreen.storyboard */,
				84277D5222DCF21900A334A4 /* Info.plist */,
				848E35B522DE33E500223CF5 /* Content */,
			);
			path = Project17SpaceRace;
			sourceTree = "<group>";
		};
		848E35B522DE33E500223CF5 /* Content */ = {
			isa = PBXGroup;
			children = (
				848E35B622DE33E500223CF5 /* explosion.sks */,
				848E35B722DE33E500223CF5 /* tv@2x.png */,
				848E35B822DE33E500223CF5 /* bigSpark.png */,
				848E35B922DE33E500223CF5 /* spark.png */,
				848E35BA22DE33E500223CF5 /* player@2x.png */,
				848E35BB22DE33E500223CF5 /* ball@2x.png */,
				848E35BC22DE33E500223CF5 /* starfield.sks */,
				848E35BD22DE33E500223CF5 /* hammer@2x.png */,
			);
			path = Content;
			sourceTree = "<group>";
		};
/* End PBXGroup section */

/* Begin PBXNativeTarget section */
		84277D3C22DCF21800A334A4 /* Project17SpaceRace */ = {
			isa = PBXNativeTarget;
			buildConfigurationList = 84277D5522DCF21900A334A4 /* Build configuration list for PBXNativeTarget "Project17SpaceRace" */;
			buildPhases = (
				84277D3922DCF21800A334A4 /* Sources */,
				84277D3A22DCF21800A334A4 /* Frameworks */,
				84277D3B22DCF21800A334A4 /* Resources */,
			);
			buildRules = (
			);
			dependencies = (
			);
			name = Project17SpaceRace;
			productName = Project17SpaceRace;
			productReference = 84277D3D22DCF21800A334A4 /* Project17SpaceRace.app */;
			productType = "com.apple.product-type.application";
		};
/* End PBXNativeTarget section */

/* Begin PBXProject section */
		84277D3522DCF21800A334A4 /* Project object */ = {
			isa = PBXProject;
			attributes = {
				LastSwiftUpdateCheck = 1020;
				LastUpgradeCheck = 1020;
				ORGANIZATIONNAME = "JHC Dev";
				TargetAttributes = {
					84277D3C22DCF21800A334A4 = {
						CreatedOnToolsVersion = 10.2.1;
					};
				};
			};
			buildConfigurationList = 84277D3822DCF21800A334A4 /* Build configuration list for PBXProject "Project17SpaceRace" */;
			compatibilityVersion = "Xcode 9.3";
			developmentRegion = en;
			hasScannedForEncodings = 0;
			knownRegions = (
				en,
				Base,
			);
			mainGroup = 84277D3422DCF21800A334A4;
			productRefGroup = 84277D3E22DCF21800A334A4 /* Products */;
			projectDirPath = "";
			projectRoot = "";
			targets = (
				84277D3C22DCF21800A334A4 /* Project17SpaceRace */,
			);
		};
/* End PBXProject section */

/* Begin PBXResourcesBuildPhase section */
		84277D3B22DCF21800A334A4 /* Resources */ = {
			isa = PBXResourcesBuildPhase;
			buildActionMask = 2147483647;
			files = (
				84277D4C22DCF21800A334A4 /* Main.storyboard in Resources */,
				848E35C322DE33E500223CF5 /* ball@2x.png in Resources */,
				848E35C122DE33E500223CF5 /* spark.png in Resources */,
				848E35BF22DE33E500223CF5 /* tv@2x.png in Resources */,
				848E35C222DE33E500223CF5 /* player@2x.png in Resources */,
				848E35C022DE33E500223CF5 /* bigSpark.png in Resources */,
				84277D4322DCF21800A334A4 /* GameScene.sks in Resources */,
				848E35C522DE33E500223CF5 /* hammer@2x.png in Resources */,
				84277D4E22DCF21900A334A4 /* Assets.xcassets in Resources */,
				848E35BE22DE33E500223CF5 /* explosion.sks in Resources */,
				84277D5122DCF21900A334A4 /* LaunchScreen.storyboard in Resources */,
				848E35C422DE33E500223CF5 /* starfield.sks in Resources */,
				84277D4522DCF21800A334A4 /* Actions.sks in Resources */,
			);
			runOnlyForDeploymentPostprocessing = 0;
		};
/* End PBXResourcesBuildPhase section */

/* Begin PBXSourcesBuildPhase section */
		84277D3922DCF21800A334A4 /* Sources */ = {
			isa = PBXSourcesBuildPhase;
			buildActionMask = 2147483647;
			files = (
				84277D4722DCF21800A334A4 /* GameScene.swift in Sources */,
				84277D4922DCF21800A334A4 /* GameViewController.swift in Sources */,
				84277D4122DCF21800A334A4 /* AppDelegate.swift in Sources */,
			);
			runOnlyForDeploymentPostprocessing = 0;
		};
/* End PBXSourcesBuildPhase section */

/* Begin PBXVariantGroup section */
		84277D4A22DCF21800A334A4 /* Main.storyboard */ = {
			isa = PBXVariantGroup;
			children = (
				84277D4B22DCF21800A334A4 /* Base */,
			);
			name = Main.storyboard;
			sourceTree = "<group>";
		};
		84277D4F22DCF21900A334A4 /* LaunchScreen.storyboard */ = {
			isa = PBXVariantGroup;
			children = (
				84277D5022DCF21900A334A4 /* Base */,
			);
			name = LaunchScreen.storyboard;
			sourceTree = "<group>";
		};
/* End PBXVariantGroup section */

/* Begin XCBuildConfiguration section */
		84277D5322DCF21900A334A4 /* Debug */ = {
			isa = XCBuildConfiguration;
			buildSettings = {
				ALWAYS_SEARCH_USER_PATHS = NO;
				CLANG_ANALYZER_NONNULL = YES;
				CLANG_ANALYZER_NUMBER_OBJECT_CONVERSION = YES_AGGRESSIVE;
				CLANG_CXX_LANGUAGE_STANDARD = "gnu++14";
				CLANG_CXX_LIBRARY = "libc++";
				CLANG_ENABLE_MODULES = YES;
				CLANG_ENABLE_OBJC_ARC = YES;
				CLANG_ENABLE_OBJC_WEAK = YES;
				CLANG_WARN_BLOCK_CAPTURE_AUTORELEASING = YES;
				CLANG_WARN_BOOL_CONVERSION = YES;
				CLANG_WARN_COMMA = YES;
				CLANG_WARN_CONSTANT_CONVERSION = YES;
				CLANG_WARN_DEPRECATED_OBJC_IMPLEMENTATIONS = YES;
				CLANG_WARN_DIRECT_OBJC_ISA_USAGE = YES_ERROR;
				CLANG_WARN_DOCUMENTATION_COMMENTS = YES;
				CLANG_WARN_EMPTY_BODY = YES;
				CLANG_WARN_ENUM_CONVERSION = YES;
				CLANG_WARN_INFINITE_RECURSION = YES;
				CLANG_WARN_INT_CONVERSION = YES;
				CLANG_WARN_NON_LITERAL_NULL_CONVERSION = YES;
				CLANG_WARN_OBJC_IMPLICIT_RETAIN_SELF = YES;
				CLANG_WARN_OBJC_LITERAL_CONVERSION = YES;
				CLANG_WARN_OBJC_ROOT_CLASS = YES_ERROR;
				CLANG_WARN_RANGE_LOOP_ANALYSIS = YES;
				CLANG_WARN_STRICT_PROTOTYPES = YES;
				CLANG_WARN_SUSPICIOUS_MOVE = YES;
				CLANG_WARN_UNGUARDED_AVAILABILITY = YES_AGGRESSIVE;
				CLANG_WARN_UNREACHABLE_CODE = YES;
				CLANG_WARN__DUPLICATE_METHOD_MATCH = YES;
				CODE_SIGN_IDENTITY = "iPhone Developer";
				COPY_PHASE_STRIP = NO;
				DEBUG_INFORMATION_FORMAT = dwarf;
				ENABLE_STRICT_OBJC_MSGSEND = YES;
				ENABLE_TESTABILITY = YES;
				GCC_C_LANGUAGE_STANDARD = gnu11;
				GCC_DYNAMIC_NO_PIC = NO;
				GCC_NO_COMMON_BLOCKS = YES;
				GCC_OPTIMIZATION_LEVEL = 0;
				GCC_PREPROCESSOR_DEFINITIONS = (
					"DEBUG=1",
					"$(inherited)",
				);
				GCC_WARN_64_TO_32_BIT_CONVERSION = YES;
				GCC_WARN_ABOUT_RETURN_TYPE = YES_ERROR;
				GCC_WARN_UNDECLARED_SELECTOR = YES;
				GCC_WARN_UNINITIALIZED_AUTOS = YES_AGGRESSIVE;
				GCC_WARN_UNUSED_FUNCTION = YES;
				GCC_WARN_UNUSED_VARIABLE = YES;
				IPHONEOS_DEPLOYMENT_TARGET = 12.2;
				MTL_ENABLE_DEBUG_INFO = INCLUDE_SOURCE;
				MTL_FAST_MATH = YES;
				ONLY_ACTIVE_ARCH = YES;
				SDKROOT = iphoneos;
				SWIFT_ACTIVE_COMPILATION_CONDITIONS = DEBUG;
				SWIFT_OPTIMIZATION_LEVEL = "-Onone";
			};
			name = Debug;
		};
		84277D5422DCF21900A334A4 /* Release */ = {
			isa = XCBuildConfiguration;
			buildSettings = {
				ALWAYS_SEARCH_USER_PATHS = NO;
				CLANG_ANALYZER_NONNULL = YES;
				CLANG_ANALYZER_NUMBER_OBJECT_CONVERSION = YES_AGGRESSIVE;
				CLANG_CXX_LANGUAGE_STANDARD = "gnu++14";
				CLANG_CXX_LIBRARY = "libc++";
				CLANG_ENABLE_MODULES = YES;
				CLANG_ENABLE_OBJC_ARC = YES;
				CLANG_ENABLE_OBJC_WEAK = YES;
				CLANG_WARN_BLOCK_CAPTURE_AUTORELEASING = YES;
				CLANG_WARN_BOOL_CONVERSION = YES;
				CLANG_WARN_COMMA = YES;
				CLANG_WARN_CONSTANT_CONVERSION = YES;
				CLANG_WARN_DEPRECATED_OBJC_IMPLEMENTATIONS = YES;
				CLANG_WARN_DIRECT_OBJC_ISA_USAGE = YES_ERROR;
				CLANG_WARN_DOCUMENTATION_COMMENTS = YES;
				CLANG_WARN_EMPTY_BODY = YES;
				CLANG_WARN_ENUM_CONVERSION = YES;
				CLANG_WARN_INFINITE_RECURSION = YES;
				CLANG_WARN_INT_CONVERSION = YES;
				CLANG_WARN_NON_LITERAL_NULL_CONVERSION = YES;
				CLANG_WARN_OBJC_IMPLICIT_RETAIN_SELF = YES;
				CLANG_WARN_OBJC_LITERAL_CONVERSION = YES;
				CLANG_WARN_OBJC_ROOT_CLASS = YES_ERROR;
				CLANG_WARN_RANGE_LOOP_ANALYSIS = YES;
				CLANG_WARN_STRICT_PROTOTYPES = YES;
				CLANG_WARN_SUSPICIOUS_MOVE = YES;
				CLANG_WARN_UNGUARDED_AVAILABILITY = YES_AGGRESSIVE;
				CLANG_WARN_UNREACHABLE_CODE = YES;
				CLANG_WARN__DUPLICATE_METHOD_MATCH = YES;
				CODE_SIGN_IDENTITY = "iPhone Developer";
				COPY_PHASE_STRIP = NO;
				DEBUG_INFORMATION_FORMAT = "dwarf-with-dsym";
				ENABLE_NS_ASSERTIONS = NO;
				ENABLE_STRICT_OBJC_MSGSEND = YES;
				GCC_C_LANGUAGE_STANDARD = gnu11;
				GCC_NO_COMMON_BLOCKS = YES;
				GCC_WARN_64_TO_32_BIT_CONVERSION = YES;
				GCC_WARN_ABOUT_RETURN_TYPE = YES_ERROR;
				GCC_WARN_UNDECLARED_SELECTOR = YES;
				GCC_WARN_UNINITIALIZED_AUTOS = YES_AGGRESSIVE;
				GCC_WARN_UNUSED_FUNCTION = YES;
				GCC_WARN_UNUSED_VARIABLE = YES;
				IPHONEOS_DEPLOYMENT_TARGET = 12.2;
				MTL_ENABLE_DEBUG_INFO = NO;
				MTL_FAST_MATH = YES;
				SDKROOT = iphoneos;
				SWIFT_COMPILATION_MODE = wholemodule;
				SWIFT_OPTIMIZATION_LEVEL = "-O";
				VALIDATE_PRODUCT = YES;
			};
			name = Release;
		};
		84277D5622DCF21900A334A4 /* Debug */ = {
			isa = XCBuildConfiguration;
			buildSettings = {
				ASSETCATALOG_COMPILER_APPICON_NAME = AppIcon;
				CODE_SIGN_STYLE = Automatic;
				DEVELOPMENT_TEAM = CRMHYJ9F9F;
				INFOPLIST_FILE = Project17SpaceRace/Info.plist;
				LD_RUNPATH_SEARCH_PATHS = (
					"$(inherited)",
					"@executable_path/Frameworks",
				);
				PRODUCT_BUNDLE_IDENTIFIER = com.joshdoesathing.Project17SpaceRace;
				PRODUCT_NAME = "$(TARGET_NAME)";
				SWIFT_VERSION = 5.0;
				TARGETED_DEVICE_FAMILY = 2;
			};
			name = Debug;
		};
		84277D5722DCF21900A334A4 /* Release */ = {
			isa = XCBuildConfiguration;
			buildSettings = {
				ASSETCATALOG_COMPILER_APPICON_NAME = AppIcon;
				CODE_SIGN_STYLE = Automatic;
				DEVELOPMENT_TEAM = CRMHYJ9F9F;
				INFOPLIST_FILE = Project17SpaceRace/Info.plist;
				LD_RUNPATH_SEARCH_PATHS = (
					"$(inherited)",
					"@executable_path/Frameworks",
				);
				PRODUCT_BUNDLE_IDENTIFIER = com.joshdoesathing.Project17SpaceRace;
				PRODUCT_NAME = "$(TARGET_NAME)";
				SWIFT_VERSION = 5.0;
				TARGETED_DEVICE_FAMILY = 2;
			};
			name = Release;
		};
/* End XCBuildConfiguration section */

/* Begin XCConfigurationList section */
		84277D3822DCF21800A334A4 /* Build configuration list for PBXProject "Project17SpaceRace" */ = {
			isa = XCConfigurationList;
			buildConfigurations = (
				84277D5322DCF21900A334A4 /* Debug */,
				84277D5422DCF21900A334A4 /* Release */,
			);
			defaultConfigurationIsVisible = 0;
			defaultConfigurationName = Release;
		};
		84277D5522DCF21900A334A4 /* Build configuration list for PBXNativeTarget "Project17SpaceRace" */ = {
			isa = XCConfigurationList;
			buildConfigurations = (
				84277D5622DCF21900A334A4 /* Debug */,
				84277D5722DCF21900A334A4 /* Release */,
			);
			defaultConfigurationIsVisible = 0;
			defaultConfigurationName = Release;
		};
/* End XCConfigurationList section */
	};
	rootObject = 84277D3522DCF21800A334A4 /* Project object */;
}
