// !$*UTF8*$!
{
	archiveVersion = 1;
	classes = {
	};
	objectVersion = 50;
	objects = {

/* Begin PBXBuildFile section */
		8430645E230372F10067E0DB /* KeychainItemAccessibility.swift in Sources */ = {isa = PBXBuildFile; fileRef = 8430645C230372F10067E0DB /* KeychainItemAccessibility.swift */; };
		8430645F230372F10067E0DB /* KeychainWrapper.swift in Sources */ = {isa = PBXBuildFile; fileRef = 8430645D230372F10067E0DB /* KeychainWrapper.swift */; };
		843F2AD3230315D4006D4378 /* AppDelegate.swift in Sources */ = {isa = PBXBuildFile; fileRef = 843F2AD2230315D4006D4378 /* AppDelegate.swift */; };
		843F2AD5230315D4006D4378 /* ViewController.swift in Sources */ = {isa = PBXBuildFile; fileRef = 843F2AD4230315D4006D4378 /* ViewController.swift */; };
		843F2AD8230315D4006D4378 /* Main.storyboard in Resources */ = {isa = PBXBuildFile; fileRef = 843F2AD6230315D4006D4378 /* Main.storyboard */; };
		843F2ADA230315D7006D4378 /* Assets.xcassets in Resources */ = {isa = PBXBuildFile; fileRef = 843F2AD9230315D7006D4378 /* Assets.xcassets */; };
		843F2ADD230315D7006D4378 /* LaunchScreen.storyboard in Resources */ = {isa = PBXBuildFile; fileRef = 843F2ADB230315D7006D4378 /* LaunchScreen.storyboard */; };
/* End PBXBuildFile section */

/* Begin PBXFileReference section */
		8430645C230372F10067E0DB /* KeychainItemAccessibility.swift */ = {isa = PBXFileReference; fileEncoding = 4; lastKnownFileType = sourcecode.swift; path = KeychainItemAccessibility.swift; sourceTree = "<group>"; };
		8430645D230372F10067E0DB /* KeychainWrapper.swift */ = {isa = PBXFileReference; fileEncoding = 4; lastKnownFileType = sourcecode.swift; path = KeychainWrapper.swift; sourceTree = "<group>"; };
		843F2ACF230315D4006D4378 /* Project28SecretSwift.app */ = {isa = PBXFileReference; explicitFileType = wrapper.application; includeInIndex = 0; path = Project28SecretSwift.app; sourceTree = BUILT_PRODUCTS_DIR; };
		843F2AD2230315D4006D4378 /* AppDelegate.swift */ = {isa = PBXFileReference; lastKnownFileType = sourcecode.swift; path = AppDelegate.swift; sourceTree = "<group>"; };
		843F2AD4230315D4006D4378 /* ViewController.swift */ = {isa = PBXFileReference; lastKnownFileType = sourcecode.swift; path = ViewController.swift; sourceTree = "<group>"; };
		843F2AD7230315D4006D4378 /* Base */ = {isa = PBXFileReference; lastKnownFileType = file.storyboard; name = Base; path = Base.lproj/Main.storyboard; sourceTree = "<group>"; };
		843F2AD9230315D7006D4378 /* Assets.xcassets */ = {isa = PBXFileReference; lastKnownFileType = folder.assetcatalog; path = Assets.xcassets; sourceTree = "<group>"; };
		843F2ADC230315D7006D4378 /* Base */ = {isa = PBXFileReference; lastKnownFileType = file.storyboard; name = Base; path = Base.lproj/LaunchScreen.storyboard; sourceTree = "<group>"; };
		843F2ADE230315D7006D4378 /* Info.plist */ = {isa = PBXFileReference; lastKnownFileType = text.plist.xml; path = Info.plist; sourceTree = "<group>"; };
/* End PBXFileReference section */

/* Begin PBXFrameworksBuildPhase section */
		843F2ACC230315D4006D4378 /* Frameworks */ = {
			isa = PBXFrameworksBuildPhase;
			buildActionMask = 2147483647;
			files = (
			);
			runOnlyForDeploymentPostprocessing = 0;
		};
/* End PBXFrameworksBuildPhase section */

/* Begin PBXGroup section */
		843F2AC6230315D4006D4378 = {
			isa = PBXGroup;
			children = (
				843F2AD1230315D4006D4378 /* Project28SecretSwift */,
				843F2AD0230315D4006D4378 /* Products */,
			);
			sourceTree = "<group>";
		};
		843F2AD0230315D4006D4378 /* Products */ = {
			isa = PBXGroup;
			children = (
				843F2ACF230315D4006D4378 /* Project28SecretSwift.app */,
			);
			name = Products;
			sourceTree = "<group>";
		};
		843F2AD1230315D4006D4378 /* Project28SecretSwift */ = {
			isa = PBXGroup;
			children = (
				843F2AD2230315D4006D4378 /* AppDelegate.swift */,
				843F2AD4230315D4006D4378 /* ViewController.swift */,
				843F2AD6230315D4006D4378 /* Main.storyboard */,
				843F2AD9230315D7006D4378 /* Assets.xcassets */,
				843F2ADB230315D7006D4378 /* LaunchScreen.storyboard */,
				843F2ADE230315D7006D4378 /* Info.plist */,
				8430645C230372F10067E0DB /* KeychainItemAccessibility.swift */,
				8430645D230372F10067E0DB /* KeychainWrapper.swift */,
			);
			path = Project28SecretSwift;
			sourceTree = "<group>";
		};
/* End PBXGroup section */

/* Begin PBXNativeTarget section */
		843F2ACE230315D4006D4378 /* Project28SecretSwift */ = {
			isa = PBXNativeTarget;
			buildConfigurationList = 843F2AE1230315D7006D4378 /* Build configuration list for PBXNativeTarget "Project28SecretSwift" */;
			buildPhases = (
				843F2ACB230315D4006D4378 /* Sources */,
				843F2ACC230315D4006D4378 /* Frameworks */,
				843F2ACD230315D4006D4378 /* Resources */,
			);
			buildRules = (
			);
			dependencies = (
			);
			name = Project28SecretSwift;
			productName = Project28SecretSwift;
			productReference = 843F2ACF230315D4006D4378 /* Project28SecretSwift.app */;
			productType = "com.apple.product-type.application";
		};
/* End PBXNativeTarget section */

/* Begin PBXProject section */
		843F2AC7230315D4006D4378 /* Project object */ = {
			isa = PBXProject;
			attributes = {
				LastSwiftUpdateCheck = 1030;
				LastUpgradeCheck = 1030;
				ORGANIZATIONNAME = "JHC Dev";
				TargetAttributes = {
					843F2ACE230315D4006D4378 = {
						CreatedOnToolsVersion = 10.3;
					};
				};
			};
			buildConfigurationList = 843F2ACA230315D4006D4378 /* Build configuration list for PBXProject "Project28SecretSwift" */;
			compatibilityVersion = "Xcode 9.3";
			developmentRegion = en;
			hasScannedForEncodings = 0;
			knownRegions = (
				en,
				Base,
			);
			mainGroup = 843F2AC6230315D4006D4378;
			productRefGroup = 843F2AD0230315D4006D4378 /* Products */;
			projectDirPath = "";
			projectRoot = "";
			targets = (
				843F2ACE230315D4006D4378 /* Project28SecretSwift */,
			);
		};
/* End PBXProject section */

/* Begin PBXResourcesBuildPhase section */
		843F2ACD230315D4006D4378 /* Resources */ = {
			isa = PBXResourcesBuildPhase;
			buildActionMask = 2147483647;
			files = (
				843F2ADD230315D7006D4378 /* LaunchScreen.storyboard in Resources */,
				843F2ADA230315D7006D4378 /* Assets.xcassets in Resources */,
				843F2AD8230315D4006D4378 /* Main.storyboard in Resources */,
			);
			runOnlyForDeploymentPostprocessing = 0;
		};
/* End PBXResourcesBuildPhase section */

/* Begin PBXSourcesBuildPhase section */
		843F2ACB230315D4006D4378 /* Sources */ = {
			isa = PBXSourcesBuildPhase;
			buildActionMask = 2147483647;
			files = (
				843F2AD5230315D4006D4378 /* ViewController.swift in Sources */,
				8430645F230372F10067E0DB /* KeychainWrapper.swift in Sources */,
				843F2AD3230315D4006D4378 /* AppDelegate.swift in Sources */,
				8430645E230372F10067E0DB /* KeychainItemAccessibility.swift in Sources */,
			);
			runOnlyForDeploymentPostprocessing = 0;
		};
/* End PBXSourcesBuildPhase section */

/* Begin PBXVariantGroup section */
		843F2AD6230315D4006D4378 /* Main.storyboard */ = {
			isa = PBXVariantGroup;
			children = (
				843F2AD7230315D4006D4378 /* Base */,
			);
			name = Main.storyboard;
			sourceTree = "<group>";
		};
		843F2ADB230315D7006D4378 /* LaunchScreen.storyboard */ = {
			isa = PBXVariantGroup;
			children = (
				843F2ADC230315D7006D4378 /* Base */,
			);
			name = LaunchScreen.storyboard;
			sourceTree = "<group>";
		};
/* End PBXVariantGroup section */

/* Begin XCBuildConfiguration section */
		843F2ADF230315D7006D4378 /* Debug */ = {
			isa = XCBuildConfiguration;
			buildSettings = {
				ALWAYS_SEARCH_USER_PATHS = NO;
				CLANG_ANALYZER_NONNULL = YES;
				CLANG_ANALYZER_NUMBER_OBJECT_CONVERSION = YES_AGGRESSIVE;
				CLANG_CXX_LANGUAGE_STANDARD = "gnu++14";
				CLANG_CXX_LIBRARY = "libc++";
				CLANG_ENABLE_MODULES = YES;
				CLANG_ENABLE_OBJC_ARC = YES;
				CLANG_ENABLE_OBJC_WEAK = YES;
				CLANG_WARN_BLOCK_CAPTURE_AUTORELEASING = YES;
				CLANG_WARN_BOOL_CONVERSION = YES;
				CLANG_WARN_COMMA = YES;
				CLANG_WARN_CONSTANT_CONVERSION = YES;
				CLANG_WARN_DEPRECATED_OBJC_IMPLEMENTATIONS = YES;
				CLANG_WARN_DIRECT_OBJC_ISA_USAGE = YES_ERROR;
				CLANG_WARN_DOCUMENTATION_COMMENTS = YES;
				CLANG_WARN_EMPTY_BODY = YES;
				CLANG_WARN_ENUM_CONVERSION = YES;
				CLANG_WARN_INFINITE_RECURSION = YES;
				CLANG_WARN_INT_CONVERSION = YES;
				CLANG_WARN_NON_LITERAL_NULL_CONVERSION = YES;
				CLANG_WARN_OBJC_IMPLICIT_RETAIN_SELF = YES;
				CLANG_WARN_OBJC_LITERAL_CONVERSION = YES;
				CLANG_WARN_OBJC_ROOT_CLASS = YES_ERROR;
				CLANG_WARN_RANGE_LOOP_ANALYSIS = YES;
				CLANG_WARN_STRICT_PROTOTYPES = YES;
				CLANG_WARN_SUSPICIOUS_MOVE = YES;
				CLANG_WARN_UNGUARDED_AVAILABILITY = YES_AGGRESSIVE;
				CLANG_WARN_UNREACHABLE_CODE = YES;
				CLANG_WARN__DUPLICATE_METHOD_MATCH = YES;
				CODE_SIGN_IDENTITY = "iPhone Developer";
				COPY_PHASE_STRIP = NO;
				DEBUG_INFORMATION_FORMAT = dwarf;
				ENABLE_STRICT_OBJC_MSGSEND = YES;
				ENABLE_TESTABILITY = YES;
				GCC_C_LANGUAGE_STANDARD = gnu11;
				GCC_DYNAMIC_NO_PIC = NO;
				GCC_NO_COMMON_BLOCKS = YES;
				GCC_OPTIMIZATION_LEVEL = 0;
				GCC_PREPROCESSOR_DEFINITIONS = (
					"DEBUG=1",
					"$(inherited)",
				);
				GCC_WARN_64_TO_32_BIT_CONVERSION = YES;
				GCC_WARN_ABOUT_RETURN_TYPE = YES_ERROR;
				GCC_WARN_UNDECLARED_SELECTOR = YES;
				GCC_WARN_UNINITIALIZED_AUTOS = YES_AGGRESSIVE;
				GCC_WARN_UNUSED_FUNCTION = YES;
				GCC_WARN_UNUSED_VARIABLE = YES;
				IPHONEOS_DEPLOYMENT_TARGET = 12.4;
				MTL_ENABLE_DEBUG_INFO = INCLUDE_SOURCE;
				MTL_FAST_MATH = YES;
				ONLY_ACTIVE_ARCH = YES;
				SDKROOT = iphoneos;
				SWIFT_ACTIVE_COMPILATION_CONDITIONS = DEBUG;
				SWIFT_OPTIMIZATION_LEVEL = "-Onone";
			};
			name = Debug;
		};
		843F2AE0230315D7006D4378 /* Release */ = {
			isa = XCBuildConfiguration;
			buildSettings = {
				ALWAYS_SEARCH_USER_PATHS = NO;
				CLANG_ANALYZER_NONNULL = YES;
				CLANG_ANALYZER_NUMBER_OBJECT_CONVERSION = YES_AGGRESSIVE;
				CLANG_CXX_LANGUAGE_STANDARD = "gnu++14";
				CLANG_CXX_LIBRARY = "libc++";
				CLANG_ENABLE_MODULES = YES;
				CLANG_ENABLE_OBJC_ARC = YES;
				CLANG_ENABLE_OBJC_WEAK = YES;
				CLANG_WARN_BLOCK_CAPTURE_AUTORELEASING = YES;
				CLANG_WARN_BOOL_CONVERSION = YES;
				CLANG_WARN_COMMA = YES;
				CLANG_WARN_CONSTANT_CONVERSION = YES;
				CLANG_WARN_DEPRECATED_OBJC_IMPLEMENTATIONS = YES;
				CLANG_WARN_DIRECT_OBJC_ISA_USAGE = YES_ERROR;
				CLANG_WARN_DOCUMENTATION_COMMENTS = YES;
				CLANG_WARN_EMPTY_BODY = YES;
				CLANG_WARN_ENUM_CONVERSION = YES;
				CLANG_WARN_INFINITE_RECURSION = YES;
				CLANG_WARN_INT_CONVERSION = YES;
				CLANG_WARN_NON_LITERAL_NULL_CONVERSION = YES;
				CLANG_WARN_OBJC_IMPLICIT_RETAIN_SELF = YES;
				CLANG_WARN_OBJC_LITERAL_CONVERSION = YES;
				CLANG_WARN_OBJC_ROOT_CLASS = YES_ERROR;
				CLANG_WARN_RANGE_LOOP_ANALYSIS = YES;
				CLANG_WARN_STRICT_PROTOTYPES = YES;
				CLANG_WARN_SUSPICIOUS_MOVE = YES;
				CLANG_WARN_UNGUARDED_AVAILABILITY = YES_AGGRESSIVE;
				CLANG_WARN_UNREACHABLE_CODE = YES;
				CLANG_WARN__DUPLICATE_METHOD_MATCH = YES;
				CODE_SIGN_IDENTITY = "iPhone Developer";
				COPY_PHASE_STRIP = NO;
				DEBUG_INFORMATION_FORMAT = "dwarf-with-dsym";
				ENABLE_NS_ASSERTIONS = NO;
				ENABLE_STRICT_OBJC_MSGSEND = YES;
				GCC_C_LANGUAGE_STANDARD = gnu11;
				GCC_NO_COMMON_BLOCKS = YES;
				GCC_WARN_64_TO_32_BIT_CONVERSION = YES;
				GCC_WARN_ABOUT_RETURN_TYPE = YES_ERROR;
				GCC_WARN_UNDECLARED_SELECTOR = YES;
				GCC_WARN_UNINITIALIZED_AUTOS = YES_AGGRESSIVE;
				GCC_WARN_UNUSED_FUNCTION = YES;
				GCC_WARN_UNUSED_VARIABLE = YES;
				IPHONEOS_DEPLOYMENT_TARGET = 12.4;
				MTL_ENABLE_DEBUG_INFO = NO;
				MTL_FAST_MATH = YES;
				SDKROOT = iphoneos;
				SWIFT_COMPILATION_MODE = wholemodule;
				SWIFT_OPTIMIZATION_LEVEL = "-O";
				VALIDATE_PRODUCT = YES;
			};
			name = Release;
		};
		843F2AE2230315D7006D4378 /* Debug */ = {
			isa = XCBuildConfiguration;
			buildSettings = {
				ASSETCATALOG_COMPILER_APPICON_NAME = AppIcon;
				CODE_SIGN_STYLE = Automatic;
				DEVELOPMENT_TEAM = CRMHYJ9F9F;
				INFOPLIST_FILE = Project28SecretSwift/Info.plist;
				IPHONEOS_DEPLOYMENT_TARGET = 12.0;
				LD_RUNPATH_SEARCH_PATHS = (
					"$(inherited)",
					"@executable_path/Frameworks",
				);
				PRODUCT_BUNDLE_IDENTIFIER = com.joshdoesathing.Project28SecretSwift;
				PRODUCT_NAME = "$(TARGET_NAME)";
				SWIFT_VERSION = 5.0;
				TARGETED_DEVICE_FAMILY = "1,2";
			};
			name = Debug;
		};
		843F2AE3230315D7006D4378 /* Release */ = {
			isa = XCBuildConfiguration;
			buildSettings = {
				ASSETCATALOG_COMPILER_APPICON_NAME = AppIcon;
				CODE_SIGN_STYLE = Automatic;
				DEVELOPMENT_TEAM = CRMHYJ9F9F;
				INFOPLIST_FILE = Project28SecretSwift/Info.plist;
				IPHONEOS_DEPLOYMENT_TARGET = 12.0;
				LD_RUNPATH_SEARCH_PATHS = (
					"$(inherited)",
					"@executable_path/Frameworks",
				);
				PRODUCT_BUNDLE_IDENTIFIER = com.joshdoesathing.Project28SecretSwift;
				PRODUCT_NAME = "$(TARGET_NAME)";
				SWIFT_VERSION = 5.0;
				TARGETED_DEVICE_FAMILY = "1,2";
			};
			name = Release;
		};
/* End XCBuildConfiguration section */

/* Begin XCConfigurationList section */
		843F2ACA230315D4006D4378 /* Build configuration list for PBXProject "Project28SecretSwift" */ = {
			isa = XCConfigurationList;
			buildConfigurations = (
				843F2ADF230315D7006D4378 /* Debug */,
				843F2AE0230315D7006D4378 /* Release */,
			);
			defaultConfigurationIsVisible = 0;
			defaultConfigurationName = Release;
		};
		843F2AE1230315D7006D4378 /* Build configuration list for PBXNativeTarget "Project28SecretSwift" */ = {
			isa = XCConfigurationList;
			buildConfigurations = (
				843F2AE2230315D7006D4378 /* Debug */,
				843F2AE3230315D7006D4378 /* Release */,
			);
			defaultConfigurationIsVisible = 0;
			defaultConfigurationName = Release;
		};
/* End XCConfigurationList section */
	};
	rootObject = 843F2AC7230315D4006D4378 /* Project object */;
}
