// !$*UTF8*$!
{
	archiveVersion = 1;
	classes = {
	};
	objectVersion = 50;
	objects = {

/* Begin PBXBuildFile section */
		846EEB5C22D7834300EE9F07 /* AppDelegate.swift in Sources */ = {isa = PBXBuildFile; fileRef = 846EEB5B22D7834300EE9F07 /* AppDelegate.swift */; };
		846EEB5E22D7834300EE9F07 /* ViewController.swift in Sources */ = {isa = PBXBuildFile; fileRef = 846EEB5D22D7834300EE9F07 /* ViewController.swift */; };
		846EEB6122D7834300EE9F07 /* Main.storyboard in Resources */ = {isa = PBXBuildFile; fileRef = 846EEB5F22D7834300EE9F07 /* Main.storyboard */; };
		846EEB6322D7834300EE9F07 /* Assets.xcassets in Resources */ = {isa = PBXBuildFile; fileRef = 846EEB6222D7834300EE9F07 /* Assets.xcassets */; };
		846EEB6622D7834300EE9F07 /* LaunchScreen.storyboard in Resources */ = {isa = PBXBuildFile; fileRef = 846EEB6422D7834300EE9F07 /* LaunchScreen.storyboard */; };
/* End PBXBuildFile section */

/* Begin PBXFileReference section */
		846EEB5822D7834300EE9F07 /* Project13Instafilter.app */ = {isa = PBXFileReference; explicitFileType = wrapper.application; includeInIndex = 0; path = Project13Instafilter.app; sourceTree = BUILT_PRODUCTS_DIR; };
		846EEB5B22D7834300EE9F07 /* AppDelegate.swift */ = {isa = PBXFileReference; lastKnownFileType = sourcecode.swift; path = AppDelegate.swift; sourceTree = "<group>"; };
		846EEB5D22D7834300EE9F07 /* ViewController.swift */ = {isa = PBXFileReference; lastKnownFileType = sourcecode.swift; path = ViewController.swift; sourceTree = "<group>"; };
		846EEB6022D7834300EE9F07 /* Base */ = {isa = PBXFileReference; lastKnownFileType = file.storyboard; name = Base; path = Base.lproj/Main.storyboard; sourceTree = "<group>"; };
		846EEB6222D7834300EE9F07 /* Assets.xcassets */ = {isa = PBXFileReference; lastKnownFileType = folder.assetcatalog; path = Assets.xcassets; sourceTree = "<group>"; };
		846EEB6522D7834300EE9F07 /* Base */ = {isa = PBXFileReference; lastKnownFileType = file.storyboard; name = Base; path = Base.lproj/LaunchScreen.storyboard; sourceTree = "<group>"; };
		846EEB6722D7834400EE9F07 /* Info.plist */ = {isa = PBXFileReference; lastKnownFileType = text.plist.xml; path = Info.plist; sourceTree = "<group>"; };
/* End PBXFileReference section */

/* Begin PBXFrameworksBuildPhase section */
		846EEB5522D7834300EE9F07 /* Frameworks */ = {
			isa = PBXFrameworksBuildPhase;
			buildActionMask = 2147483647;
			files = (
			);
			runOnlyForDeploymentPostprocessing = 0;
		};
/* End PBXFrameworksBuildPhase section */

/* Begin PBXGroup section */
		846EEB4F22D7834300EE9F07 = {
			isa = PBXGroup;
			children = (
				846EEB5A22D7834300EE9F07 /* Project13Instafilter */,
				846EEB5922D7834300EE9F07 /* Products */,
			);
			sourceTree = "<group>";
		};
		846EEB5922D7834300EE9F07 /* Products */ = {
			isa = PBXGroup;
			children = (
				846EEB5822D7834300EE9F07 /* Project13Instafilter.app */,
			);
			name = Products;
			sourceTree = "<group>";
		};
		846EEB5A22D7834300EE9F07 /* Project13Instafilter */ = {
			isa = PBXGroup;
			children = (
				846EEB5B22D7834300EE9F07 /* AppDelegate.swift */,
				846EEB5D22D7834300EE9F07 /* ViewController.swift */,
				846EEB5F22D7834300EE9F07 /* Main.storyboard */,
				846EEB6222D7834300EE9F07 /* Assets.xcassets */,
				846EEB6422D7834300EE9F07 /* LaunchScreen.storyboard */,
				846EEB6722D7834400EE9F07 /* Info.plist */,
			);
			path = Project13Instafilter;
			sourceTree = "<group>";
		};
/* End PBXGroup section */

/* Begin PBXNativeTarget section */
		846EEB5722D7834300EE9F07 /* Project13Instafilter */ = {
			isa = PBXNativeTarget;
			buildConfigurationList = 846EEB6A22D7834400EE9F07 /* Build configuration list for PBXNativeTarget "Project13Instafilter" */;
			buildPhases = (
				846EEB5422D7834300EE9F07 /* Sources */,
				846EEB5522D7834300EE9F07 /* Frameworks */,
				846EEB5622D7834300EE9F07 /* Resources */,
			);
			buildRules = (
			);
			dependencies = (
			);
			name = Project13Instafilter;
			productName = Project13Instafilter;
			productReference = 846EEB5822D7834300EE9F07 /* Project13Instafilter.app */;
			productType = "com.apple.product-type.application";
		};
/* End PBXNativeTarget section */

/* Begin PBXProject section */
		846EEB5022D7834300EE9F07 /* Project object */ = {
			isa = PBXProject;
			attributes = {
				LastSwiftUpdateCheck = 1020;
				LastUpgradeCheck = 1020;
				ORGANIZATIONNAME = "JHC Dev";
				TargetAttributes = {
					846EEB5722D7834300EE9F07 = {
						CreatedOnToolsVersion = 10.2.1;
					};
				};
			};
			buildConfigurationList = 846EEB5322D7834300EE9F07 /* Build configuration list for PBXProject "Project13Instafilter" */;
			compatibilityVersion = "Xcode 9.3";
			developmentRegion = en;
			hasScannedForEncodings = 0;
			knownRegions = (
				en,
				Base,
			);
			mainGroup = 846EEB4F22D7834300EE9F07;
			productRefGroup = 846EEB5922D7834300EE9F07 /* Products */;
			projectDirPath = "";
			projectRoot = "";
			targets = (
				846EEB5722D7834300EE9F07 /* Project13Instafilter */,
			);
		};
/* End PBXProject section */

/* Begin PBXResourcesBuildPhase section */
		846EEB5622D7834300EE9F07 /* Resources */ = {
			isa = PBXResourcesBuildPhase;
			buildActionMask = 2147483647;
			files = (
				846EEB6622D7834300EE9F07 /* LaunchScreen.storyboard in Resources */,
				846EEB6322D7834300EE9F07 /* Assets.xcassets in Resources */,
				846EEB6122D7834300EE9F07 /* Main.storyboard in Resources */,
			);
			runOnlyForDeploymentPostprocessing = 0;
		};
/* End PBXResourcesBuildPhase section */

/* Begin PBXSourcesBuildPhase section */
		846EEB5422D7834300EE9F07 /* Sources */ = {
			isa = PBXSourcesBuildPhase;
			buildActionMask = 2147483647;
			files = (
				846EEB5E22D7834300EE9F07 /* ViewController.swift in Sources */,
				846EEB5C22D7834300EE9F07 /* AppDelegate.swift in Sources */,
			);
			runOnlyForDeploymentPostprocessing = 0;
		};
/* End PBXSourcesBuildPhase section */

/* Begin PBXVariantGroup section */
		846EEB5F22D7834300EE9F07 /* Main.storyboard */ = {
			isa = PBXVariantGroup;
			children = (
				846EEB6022D7834300EE9F07 /* Base */,
			);
			name = Main.storyboard;
			sourceTree = "<group>";
		};
		846EEB6422D7834300EE9F07 /* LaunchScreen.storyboard */ = {
			isa = PBXVariantGroup;
			children = (
				846EEB6522D7834300EE9F07 /* Base */,
			);
			name = LaunchScreen.storyboard;
			sourceTree = "<group>";
		};
/* End PBXVariantGroup section */

/* Begin XCBuildConfiguration section */
		846EEB6822D7834400EE9F07 /* Debug */ = {
			isa = XCBuildConfiguration;
			buildSettings = {
				ALWAYS_SEARCH_USER_PATHS = NO;
				CLANG_ANALYZER_NONNULL = YES;
				CLANG_ANALYZER_NUMBER_OBJECT_CONVERSION = YES_AGGRESSIVE;
				CLANG_CXX_LANGUAGE_STANDARD = "gnu++14";
				CLANG_CXX_LIBRARY = "libc++";
				CLANG_ENABLE_MODULES = YES;
				CLANG_ENABLE_OBJC_ARC = YES;
				CLANG_ENABLE_OBJC_WEAK = YES;
				CLANG_WARN_BLOCK_CAPTURE_AUTORELEASING = YES;
				CLANG_WARN_BOOL_CONVERSION = YES;
				CLANG_WARN_COMMA = YES;
				CLANG_WARN_CONSTANT_CONVERSION = YES;
				CLANG_WARN_DEPRECATED_OBJC_IMPLEMENTATIONS = YES;
				CLANG_WARN_DIRECT_OBJC_ISA_USAGE = YES_ERROR;
				CLANG_WARN_DOCUMENTATION_COMMENTS = YES;
				CLANG_WARN_EMPTY_BODY = YES;
				CLANG_WARN_ENUM_CONVERSION = YES;
				CLANG_WARN_INFINITE_RECURSION = YES;
				CLANG_WARN_INT_CONVERSION = YES;
				CLANG_WARN_NON_LITERAL_NULL_CONVERSION = YES;
				CLANG_WARN_OBJC_IMPLICIT_RETAIN_SELF = YES;
				CLANG_WARN_OBJC_LITERAL_CONVERSION = YES;
				CLANG_WARN_OBJC_ROOT_CLASS = YES_ERROR;
				CLANG_WARN_RANGE_LOOP_ANALYSIS = YES;
				CLANG_WARN_STRICT_PROTOTYPES = YES;
				CLANG_WARN_SUSPICIOUS_MOVE = YES;
				CLANG_WARN_UNGUARDED_AVAILABILITY = YES_AGGRESSIVE;
				CLANG_WARN_UNREACHABLE_CODE = YES;
				CLANG_WARN__DUPLICATE_METHOD_MATCH = YES;
				CODE_SIGN_IDENTITY = "iPhone Developer";
				COPY_PHASE_STRIP = NO;
				DEBUG_INFORMATION_FORMAT = dwarf;
				ENABLE_STRICT_OBJC_MSGSEND = YES;
				ENABLE_TESTABILITY = YES;
				GCC_C_LANGUAGE_STANDARD = gnu11;
				GCC_DYNAMIC_NO_PIC = NO;
				GCC_NO_COMMON_BLOCKS = YES;
				GCC_OPTIMIZATION_LEVEL = 0;
				GCC_PREPROCESSOR_DEFINITIONS = (
					"DEBUG=1",
					"$(inherited)",
				);
				GCC_WARN_64_TO_32_BIT_CONVERSION = YES;
				GCC_WARN_ABOUT_RETURN_TYPE = YES_ERROR;
				GCC_WARN_UNDECLARED_SELECTOR = YES;
				GCC_WARN_UNINITIALIZED_AUTOS = YES_AGGRESSIVE;
				GCC_WARN_UNUSED_FUNCTION = YES;
				GCC_WARN_UNUSED_VARIABLE = YES;
				IPHONEOS_DEPLOYMENT_TARGET = 12.2;
				MTL_ENABLE_DEBUG_INFO = INCLUDE_SOURCE;
				MTL_FAST_MATH = YES;
				ONLY_ACTIVE_ARCH = YES;
				SDKROOT = iphoneos;
				SWIFT_ACTIVE_COMPILATION_CONDITIONS = DEBUG;
				SWIFT_OPTIMIZATION_LEVEL = "-Onone";
			};
			name = Debug;
		};
		846EEB6922D7834400EE9F07 /* Release */ = {
			isa = XCBuildConfiguration;
			buildSettings = {
				ALWAYS_SEARCH_USER_PATHS = NO;
				CLANG_ANALYZER_NONNULL = YES;
				CLANG_ANALYZER_NUMBER_OBJECT_CONVERSION = YES_AGGRESSIVE;
				CLANG_CXX_LANGUAGE_STANDARD = "gnu++14";
				CLANG_CXX_LIBRARY = "libc++";
				CLANG_ENABLE_MODULES = YES;
				CLANG_ENABLE_OBJC_ARC = YES;
				CLANG_ENABLE_OBJC_WEAK = YES;
				CLANG_WARN_BLOCK_CAPTURE_AUTORELEASING = YES;
				CLANG_WARN_BOOL_CONVERSION = YES;
				CLANG_WARN_COMMA = YES;
				CLANG_WARN_CONSTANT_CONVERSION = YES;
				CLANG_WARN_DEPRECATED_OBJC_IMPLEMENTATIONS = YES;
				CLANG_WARN_DIRECT_OBJC_ISA_USAGE = YES_ERROR;
				CLANG_WARN_DOCUMENTATION_COMMENTS = YES;
				CLANG_WARN_EMPTY_BODY = YES;
				CLANG_WARN_ENUM_CONVERSION = YES;
				CLANG_WARN_INFINITE_RECURSION = YES;
				CLANG_WARN_INT_CONVERSION = YES;
				CLANG_WARN_NON_LITERAL_NULL_CONVERSION = YES;
				CLANG_WARN_OBJC_IMPLICIT_RETAIN_SELF = YES;
				CLANG_WARN_OBJC_LITERAL_CONVERSION = YES;
				CLANG_WARN_OBJC_ROOT_CLASS = YES_ERROR;
				CLANG_WARN_RANGE_LOOP_ANALYSIS = YES;
				CLANG_WARN_STRICT_PROTOTYPES = YES;
				CLANG_WARN_SUSPICIOUS_MOVE = YES;
				CLANG_WARN_UNGUARDED_AVAILABILITY = YES_AGGRESSIVE;
				CLANG_WARN_UNREACHABLE_CODE = YES;
				CLANG_WARN__DUPLICATE_METHOD_MATCH = YES;
				CODE_SIGN_IDENTITY = "iPhone Developer";
				COPY_PHASE_STRIP = NO;
				DEBUG_INFORMATION_FORMAT = "dwarf-with-dsym";
				ENABLE_NS_ASSERTIONS = NO;
				ENABLE_STRICT_OBJC_MSGSEND = YES;
				GCC_C_LANGUAGE_STANDARD = gnu11;
				GCC_NO_COMMON_BLOCKS = YES;
				GCC_WARN_64_TO_32_BIT_CONVERSION = YES;
				GCC_WARN_ABOUT_RETURN_TYPE = YES_ERROR;
				GCC_WARN_UNDECLARED_SELECTOR = YES;
				GCC_WARN_UNINITIALIZED_AUTOS = YES_AGGRESSIVE;
				GCC_WARN_UNUSED_FUNCTION = YES;
				GCC_WARN_UNUSED_VARIABLE = YES;
				IPHONEOS_DEPLOYMENT_TARGET = 12.2;
				MTL_ENABLE_DEBUG_INFO = NO;
				MTL_FAST_MATH = YES;
				SDKROOT = iphoneos;
				SWIFT_COMPILATION_MODE = wholemodule;
				SWIFT_OPTIMIZATION_LEVEL = "-O";
				VALIDATE_PRODUCT = YES;
			};
			name = Release;
		};
		846EEB6B22D7834400EE9F07 /* Debug */ = {
			isa = XCBuildConfiguration;
			buildSettings = {
				ASSETCATALOG_COMPILER_APPICON_NAME = AppIcon;
				CODE_SIGN_STYLE = Automatic;
				DEVELOPMENT_TEAM = CRMHYJ9F9F;
				INFOPLIST_FILE = Project13Instafilter/Info.plist;
				LD_RUNPATH_SEARCH_PATHS = (
					"$(inherited)",
					"@executable_path/Frameworks",
				);
				PRODUCT_BUNDLE_IDENTIFIER = com.joshdoesathing.Project13Instafilter;
				PRODUCT_NAME = "$(TARGET_NAME)";
				SWIFT_VERSION = 5.0;
				TARGETED_DEVICE_FAMILY = "1,2";
			};
			name = Debug;
		};
		846EEB6C22D7834400EE9F07 /* Release */ = {
			isa = XCBuildConfiguration;
			buildSettings = {
				ASSETCATALOG_COMPILER_APPICON_NAME = AppIcon;
				CODE_SIGN_STYLE = Automatic;
				DEVELOPMENT_TEAM = CRMHYJ9F9F;
				INFOPLIST_FILE = Project13Instafilter/Info.plist;
				LD_RUNPATH_SEARCH_PATHS = (
					"$(inherited)",
					"@executable_path/Frameworks",
				);
				PRODUCT_BUNDLE_IDENTIFIER = com.joshdoesathing.Project13Instafilter;
				PRODUCT_NAME = "$(TARGET_NAME)";
				SWIFT_VERSION = 5.0;
				TARGETED_DEVICE_FAMILY = "1,2";
			};
			name = Release;
		};
/* End XCBuildConfiguration section */

/* Begin XCConfigurationList section */
		846EEB5322D7834300EE9F07 /* Build configuration list for PBXProject "Project13Instafilter" */ = {
			isa = XCConfigurationList;
			buildConfigurations = (
				846EEB6822D7834400EE9F07 /* Debug */,
				846EEB6922D7834400EE9F07 /* Release */,
			);
			defaultConfigurationIsVisible = 0;
			defaultConfigurationName = Release;
		};
		846EEB6A22D7834400EE9F07 /* Build configuration list for PBXNativeTarget "Project13Instafilter" */ = {
			isa = XCConfigurationList;
			buildConfigurations = (
				846EEB6B22D7834400EE9F07 /* Debug */,
				846EEB6C22D7834400EE9F07 /* Release */,
			);
			defaultConfigurationIsVisible = 0;
			defaultConfigurationName = Release;
		};
/* End XCConfigurationList section */
	};
	rootObject = 846EEB5022D7834300EE9F07 /* Project object */;
}
