// !$*UTF8*$!
{
	archiveVersion = 1;
	classes = {
	};
	objectVersion = 50;
	objects = {

/* Begin PBXBuildFile section */
		84E412E522D8E72400CECDD4 /* AppDelegate.swift in Sources */ = {isa = PBXBuildFile; fileRef = 84E412E422D8E72400CECDD4 /* AppDelegate.swift */; };
		84E412E722D8E72400CECDD4 /* GameScene.sks in Resources */ = {isa = PBXBuildFile; fileRef = 84E412E622D8E72400CECDD4 /* GameScene.sks */; };
		84E412EB22D8E72400CECDD4 /* GameScene.swift in Sources */ = {isa = PBXBuildFile; fileRef = 84E412EA22D8E72400CECDD4 /* GameScene.swift */; };
		84E412ED22D8E72400CECDD4 /* GameViewController.swift in Sources */ = {isa = PBXBuildFile; fileRef = 84E412EC22D8E72400CECDD4 /* GameViewController.swift */; };
		84E412F222D8E72500CECDD4 /* Assets.xcassets in Resources */ = {isa = PBXBuildFile; fileRef = 84E412F122D8E72500CECDD4 /* Assets.xcassets */; };
		84E4130522D8E82F00CECDD4 /* whackBad.caf in Resources */ = {isa = PBXBuildFile; fileRef = 84E412FD22D8E82F00CECDD4 /* whackBad.caf */; };
		84E4130622D8E82F00CECDD4 /* whack.caf in Resources */ = {isa = PBXBuildFile; fileRef = 84E412FE22D8E82F00CECDD4 /* whack.caf */; };
		84E4130722D8E82F00CECDD4 /* gameOver@2x.png in Resources */ = {isa = PBXBuildFile; fileRef = 84E412FF22D8E82F00CECDD4 /* gameOver@2x.png */; };
		84E4130822D8E82F00CECDD4 /* penguinEvil@2x.png in Resources */ = {isa = PBXBuildFile; fileRef = 84E4130022D8E82F00CECDD4 /* penguinEvil@2x.png */; };
		84E4130922D8E82F00CECDD4 /* whackHole@2x.png in Resources */ = {isa = PBXBuildFile; fileRef = 84E4130122D8E82F00CECDD4 /* whackHole@2x.png */; };
		84E4130A22D8E82F00CECDD4 /* penguinGood@2x.png in Resources */ = {isa = PBXBuildFile; fileRef = 84E4130222D8E82F00CECDD4 /* penguinGood@2x.png */; };
		84E4130B22D8E82F00CECDD4 /* whackMask@2x.png in Resources */ = {isa = PBXBuildFile; fileRef = 84E4130322D8E82F00CECDD4 /* whackMask@2x.png */; };
		84E4130C22D8E82F00CECDD4 /* whackBackground@2x.png in Resources */ = {isa = PBXBuildFile; fileRef = 84E4130422D8E82F00CECDD4 /* whackBackground@2x.png */; };
		84E4130E22D8EF7500CECDD4 /* WhackSlot.swift in Sources */ = {isa = PBXBuildFile; fileRef = 84E4130D22D8EF7500CECDD4 /* WhackSlot.swift */; };
		84E4131022D8F49500CECDD4 /* Main.storyboard in Resources */ = {isa = PBXBuildFile; fileRef = 84E4130F22D8F49500CECDD4 /* Main.storyboard */; };
/* End PBXBuildFile section */

/* Begin PBXFileReference section */
		84E412E122D8E72400CECDD4 /* Project14WhackAPenguin.app */ = {isa = PBXFileReference; explicitFileType = wrapper.application; includeInIndex = 0; path = Project14WhackAPenguin.app; sourceTree = BUILT_PRODUCTS_DIR; };
		84E412E422D8E72400CECDD4 /* AppDelegate.swift */ = {isa = PBXFileReference; lastKnownFileType = sourcecode.swift; path = AppDelegate.swift; sourceTree = "<group>"; };
		84E412E622D8E72400CECDD4 /* GameScene.sks */ = {isa = PBXFileReference; lastKnownFileType = file.sks; path = GameScene.sks; sourceTree = "<group>"; };
		84E412EA22D8E72400CECDD4 /* GameScene.swift */ = {isa = PBXFileReference; lastKnownFileType = sourcecode.swift; path = GameScene.swift; sourceTree = "<group>"; };
		84E412EC22D8E72400CECDD4 /* GameViewController.swift */ = {isa = PBXFileReference; lastKnownFileType = sourcecode.swift; path = GameViewController.swift; sourceTree = "<group>"; };
		84E412F122D8E72500CECDD4 /* Assets.xcassets */ = {isa = PBXFileReference; lastKnownFileType = folder.assetcatalog; path = Assets.xcassets; sourceTree = "<group>"; };
		84E412F622D8E72500CECDD4 /* Info.plist */ = {isa = PBXFileReference; lastKnownFileType = text.plist.xml; path = Info.plist; sourceTree = "<group>"; };
		84E412FD22D8E82F00CECDD4 /* whackBad.caf */ = {isa = PBXFileReference; lastKnownFileType = file; path = whackBad.caf; sourceTree = "<group>"; };
		84E412FE22D8E82F00CECDD4 /* whack.caf */ = {isa = PBXFileReference; lastKnownFileType = file; path = whack.caf; sourceTree = "<group>"; };
		84E412FF22D8E82F00CECDD4 /* gameOver@2x.png */ = {isa = PBXFileReference; lastKnownFileType = image.png; path = "gameOver@2x.png"; sourceTree = "<group>"; };
		84E4130022D8E82F00CECDD4 /* penguinEvil@2x.png */ = {isa = PBXFileReference; lastKnownFileType = image.png; path = "penguinEvil@2x.png"; sourceTree = "<group>"; };
		84E4130122D8E82F00CECDD4 /* whackHole@2x.png */ = {isa = PBXFileReference; lastKnownFileType = image.png; path = "whackHole@2x.png"; sourceTree = "<group>"; };
		84E4130222D8E82F00CECDD4 /* penguinGood@2x.png */ = {isa = PBXFileReference; lastKnownFileType = image.png; path = "penguinGood@2x.png"; sourceTree = "<group>"; };
		84E4130322D8E82F00CECDD4 /* whackMask@2x.png */ = {isa = PBXFileReference; lastKnownFileType = image.png; path = "whackMask@2x.png"; sourceTree = "<group>"; };
		84E4130422D8E82F00CECDD4 /* whackBackground@2x.png */ = {isa = PBXFileReference; lastKnownFileType = image.png; path = "whackBackground@2x.png"; sourceTree = "<group>"; };
		84E4130D22D8EF7500CECDD4 /* WhackSlot.swift */ = {isa = PBXFileReference; lastKnownFileType = sourcecode.swift; path = WhackSlot.swift; sourceTree = "<group>"; };
		84E4130F22D8F49500CECDD4 /* Main.storyboard */ = {isa = PBXFileReference; lastKnownFileType = file.storyboard; path = Main.storyboard; sourceTree = "<group>"; };
/* End PBXFileReference section */

/* Begin PBXFrameworksBuildPhase section */
		84E412DE22D8E72400CECDD4 /* Frameworks */ = {
			isa = PBXFrameworksBuildPhase;
			buildActionMask = 2147483647;
			files = (
			);
			runOnlyForDeploymentPostprocessing = 0;
		};
/* End PBXFrameworksBuildPhase section */

/* Begin PBXGroup section */
		84E412D822D8E72400CECDD4 = {
			isa = PBXGroup;
			children = (
				84E412E322D8E72400CECDD4 /* Project14WhackAPenguin */,
				84E412E222D8E72400CECDD4 /* Products */,
			);
			sourceTree = "<group>";
		};
		84E412E222D8E72400CECDD4 /* Products */ = {
			isa = PBXGroup;
			children = (
				84E412E122D8E72400CECDD4 /* Project14WhackAPenguin.app */,
			);
			name = Products;
			sourceTree = "<group>";
		};
		84E412E322D8E72400CECDD4 /* Project14WhackAPenguin */ = {
			isa = PBXGroup;
			children = (
				84E412E422D8E72400CECDD4 /* AppDelegate.swift */,
				84E412E622D8E72400CECDD4 /* GameScene.sks */,
				84E4130F22D8F49500CECDD4 /* Main.storyboard */,
				84E412EA22D8E72400CECDD4 /* GameScene.swift */,
				84E412EC22D8E72400CECDD4 /* GameViewController.swift */,
				84E4130D22D8EF7500CECDD4 /* WhackSlot.swift */,
				84E412F122D8E72500CECDD4 /* Assets.xcassets */,
				84E412F622D8E72500CECDD4 /* Info.plist */,
				84E412FC22D8E82F00CECDD4 /* Content */,
			);
			path = Project14WhackAPenguin;
			sourceTree = "<group>";
		};
		84E412FC22D8E82F00CECDD4 /* Content */ = {
			isa = PBXGroup;
			children = (
				84E412FD22D8E82F00CECDD4 /* whackBad.caf */,
				84E412FE22D8E82F00CECDD4 /* whack.caf */,
				84E412FF22D8E82F00CECDD4 /* gameOver@2x.png */,
				84E4130022D8E82F00CECDD4 /* penguinEvil@2x.png */,
				84E4130122D8E82F00CECDD4 /* whackHole@2x.png */,
				84E4130222D8E82F00CECDD4 /* penguinGood@2x.png */,
				84E4130322D8E82F00CECDD4 /* whackMask@2x.png */,
				84E4130422D8E82F00CECDD4 /* whackBackground@2x.png */,
			);
			path = Content;
			sourceTree = SOURCE_ROOT;
		};
/* End PBXGroup section */

/* Begin PBXNativeTarget section */
		84E412E022D8E72400CECDD4 /* Project14WhackAPenguin */ = {
			isa = PBXNativeTarget;
			buildConfigurationList = 84E412F922D8E72500CECDD4 /* Build configuration list for PBXNativeTarget "Project14WhackAPenguin" */;
			buildPhases = (
				84E412DD22D8E72400CECDD4 /* Sources */,
				84E412DE22D8E72400CECDD4 /* Frameworks */,
				84E412DF22D8E72400CECDD4 /* Resources */,
			);
			buildRules = (
			);
			dependencies = (
			);
			name = Project14WhackAPenguin;
			productName = Project14WhackAPenguin;
			productReference = 84E412E122D8E72400CECDD4 /* Project14WhackAPenguin.app */;
			productType = "com.apple.product-type.application";
		};
/* End PBXNativeTarget section */

/* Begin PBXProject section */
		84E412D922D8E72400CECDD4 /* Project object */ = {
			isa = PBXProject;
			attributes = {
				LastSwiftUpdateCheck = 1020;
				LastUpgradeCheck = 1020;
				ORGANIZATIONNAME = "JHC Dev";
				TargetAttributes = {
					84E412E022D8E72400CECDD4 = {
						CreatedOnToolsVersion = 10.2.1;
					};
				};
			};
			buildConfigurationList = 84E412DC22D8E72400CECDD4 /* Build configuration list for PBXProject "Project14WhackAPenguin" */;
			compatibilityVersion = "Xcode 9.3";
			developmentRegion = en;
			hasScannedForEncodings = 0;
			knownRegions = (
				en,
				Base,
			);
			mainGroup = 84E412D822D8E72400CECDD4;
			productRefGroup = 84E412E222D8E72400CECDD4 /* Products */;
			projectDirPath = "";
			projectRoot = "";
			targets = (
				84E412E022D8E72400CECDD4 /* Project14WhackAPenguin */,
			);
		};
/* End PBXProject section */

/* Begin PBXResourcesBuildPhase section */
		84E412DF22D8E72400CECDD4 /* Resources */ = {
			isa = PBXResourcesBuildPhase;
			buildActionMask = 2147483647;
			files = (
				84E4130A22D8E82F00CECDD4 /* penguinGood@2x.png in Resources */,
				84E4130822D8E82F00CECDD4 /* penguinEvil@2x.png in Resources */,
				84E412E722D8E72400CECDD4 /* GameScene.sks in Resources */,
				84E4130C22D8E82F00CECDD4 /* whackBackground@2x.png in Resources */,
				84E4130722D8E82F00CECDD4 /* gameOver@2x.png in Resources */,
				84E4131022D8F49500CECDD4 /* Main.storyboard in Resources */,
				84E4130622D8E82F00CECDD4 /* whack.caf in Resources */,
				84E4130922D8E82F00CECDD4 /* whackHole@2x.png in Resources */,
				84E4130B22D8E82F00CECDD4 /* whackMask@2x.png in Resources */,
				84E412F222D8E72500CECDD4 /* Assets.xcassets in Resources */,
				84E4130522D8E82F00CECDD4 /* whackBad.caf in Resources */,
			);
			runOnlyForDeploymentPostprocessing = 0;
		};
/* End PBXResourcesBuildPhase section */

/* Begin PBXSourcesBuildPhase section */
		84E412DD22D8E72400CECDD4 /* Sources */ = {
			isa = PBXSourcesBuildPhase;
			buildActionMask = 2147483647;
			files = (
				84E412EB22D8E72400CECDD4 /* GameScene.swift in Sources */,
				84E412ED22D8E72400CECDD4 /* GameViewController.swift in Sources */,
				84E4130E22D8EF7500CECDD4 /* WhackSlot.swift in Sources */,
				84E412E522D8E72400CECDD4 /* AppDelegate.swift in Sources */,
			);
			runOnlyForDeploymentPostprocessing = 0;
		};
/* End PBXSourcesBuildPhase section */

/* Begin XCBuildConfiguration section */
		84E412F722D8E72500CECDD4 /* Debug */ = {
			isa = XCBuildConfiguration;
			buildSettings = {
				ALWAYS_SEARCH_USER_PATHS = NO;
				CLANG_ANALYZER_NONNULL = YES;
				CLANG_ANALYZER_NUMBER_OBJECT_CONVERSION = YES_AGGRESSIVE;
				CLANG_CXX_LANGUAGE_STANDARD = "gnu++14";
				CLANG_CXX_LIBRARY = "libc++";
				CLANG_ENABLE_MODULES = YES;
				CLANG_ENABLE_OBJC_ARC = YES;
				CLANG_ENABLE_OBJC_WEAK = YES;
				CLANG_WARN_BLOCK_CAPTURE_AUTORELEASING = YES;
				CLANG_WARN_BOOL_CONVERSION = YES;
				CLANG_WARN_COMMA = YES;
				CLANG_WARN_CONSTANT_CONVERSION = YES;
				CLANG_WARN_DEPRECATED_OBJC_IMPLEMENTATIONS = YES;
				CLANG_WARN_DIRECT_OBJC_ISA_USAGE = YES_ERROR;
				CLANG_WARN_DOCUMENTATION_COMMENTS = YES;
				CLANG_WARN_EMPTY_BODY = YES;
				CLANG_WARN_ENUM_CONVERSION = YES;
				CLANG_WARN_INFINITE_RECURSION = YES;
				CLANG_WARN_INT_CONVERSION = YES;
				CLANG_WARN_NON_LITERAL_NULL_CONVERSION = YES;
				CLANG_WARN_OBJC_IMPLICIT_RETAIN_SELF = YES;
				CLANG_WARN_OBJC_LITERAL_CONVERSION = YES;
				CLANG_WARN_OBJC_ROOT_CLASS = YES_ERROR;
				CLANG_WARN_RANGE_LOOP_ANALYSIS = YES;
				CLANG_WARN_STRICT_PROTOTYPES = YES;
				CLANG_WARN_SUSPICIOUS_MOVE = YES;
				CLANG_WARN_UNGUARDED_AVAILABILITY = YES_AGGRESSIVE;
				CLANG_WARN_UNREACHABLE_CODE = YES;
				CLANG_WARN__DUPLICATE_METHOD_MATCH = YES;
				CODE_SIGN_IDENTITY = "iPhone Developer";
				COPY_PHASE_STRIP = NO;
				DEBUG_INFORMATION_FORMAT = dwarf;
				ENABLE_STRICT_OBJC_MSGSEND = YES;
				ENABLE_TESTABILITY = YES;
				GCC_C_LANGUAGE_STANDARD = gnu11;
				GCC_DYNAMIC_NO_PIC = NO;
				GCC_NO_COMMON_BLOCKS = YES;
				GCC_OPTIMIZATION_LEVEL = 0;
				GCC_PREPROCESSOR_DEFINITIONS = (
					"DEBUG=1",
					"$(inherited)",
				);
				GCC_WARN_64_TO_32_BIT_CONVERSION = YES;
				GCC_WARN_ABOUT_RETURN_TYPE = YES_ERROR;
				GCC_WARN_UNDECLARED_SELECTOR = YES;
				GCC_WARN_UNINITIALIZED_AUTOS = YES_AGGRESSIVE;
				GCC_WARN_UNUSED_FUNCTION = YES;
				GCC_WARN_UNUSED_VARIABLE = YES;
				IPHONEOS_DEPLOYMENT_TARGET = 12.2;
				MTL_ENABLE_DEBUG_INFO = INCLUDE_SOURCE;
				MTL_FAST_MATH = YES;
				ONLY_ACTIVE_ARCH = YES;
				SDKROOT = iphoneos;
				SWIFT_ACTIVE_COMPILATION_CONDITIONS = DEBUG;
				SWIFT_OPTIMIZATION_LEVEL = "-Onone";
			};
			name = Debug;
		};
		84E412F822D8E72500CECDD4 /* Release */ = {
			isa = XCBuildConfiguration;
			buildSettings = {
				ALWAYS_SEARCH_USER_PATHS = NO;
				CLANG_ANALYZER_NONNULL = YES;
				CLANG_ANALYZER_NUMBER_OBJECT_CONVERSION = YES_AGGRESSIVE;
				CLANG_CXX_LANGUAGE_STANDARD = "gnu++14";
				CLANG_CXX_LIBRARY = "libc++";
				CLANG_ENABLE_MODULES = YES;
				CLANG_ENABLE_OBJC_ARC = YES;
				CLANG_ENABLE_OBJC_WEAK = YES;
				CLANG_WARN_BLOCK_CAPTURE_AUTORELEASING = YES;
				CLANG_WARN_BOOL_CONVERSION = YES;
				CLANG_WARN_COMMA = YES;
				CLANG_WARN_CONSTANT_CONVERSION = YES;
				CLANG_WARN_DEPRECATED_OBJC_IMPLEMENTATIONS = YES;
				CLANG_WARN_DIRECT_OBJC_ISA_USAGE = YES_ERROR;
				CLANG_WARN_DOCUMENTATION_COMMENTS = YES;
				CLANG_WARN_EMPTY_BODY = YES;
				CLANG_WARN_ENUM_CONVERSION = YES;
				CLANG_WARN_INFINITE_RECURSION = YES;
				CLANG_WARN_INT_CONVERSION = YES;
				CLANG_WARN_NON_LITERAL_NULL_CONVERSION = YES;
				CLANG_WARN_OBJC_IMPLICIT_RETAIN_SELF = YES;
				CLANG_WARN_OBJC_LITERAL_CONVERSION = YES;
				CLANG_WARN_OBJC_ROOT_CLASS = YES_ERROR;
				CLANG_WARN_RANGE_LOOP_ANALYSIS = YES;
				CLANG_WARN_STRICT_PROTOTYPES = YES;
				CLANG_WARN_SUSPICIOUS_MOVE = YES;
				CLANG_WARN_UNGUARDED_AVAILABILITY = YES_AGGRESSIVE;
				CLANG_WARN_UNREACHABLE_CODE = YES;
				CLANG_WARN__DUPLICATE_METHOD_MATCH = YES;
				CODE_SIGN_IDENTITY = "iPhone Developer";
				COPY_PHASE_STRIP = NO;
				DEBUG_INFORMATION_FORMAT = "dwarf-with-dsym";
				ENABLE_NS_ASSERTIONS = NO;
				ENABLE_STRICT_OBJC_MSGSEND = YES;
				GCC_C_LANGUAGE_STANDARD = gnu11;
				GCC_NO_COMMON_BLOCKS = YES;
				GCC_WARN_64_TO_32_BIT_CONVERSION = YES;
				GCC_WARN_ABOUT_RETURN_TYPE = YES_ERROR;
				GCC_WARN_UNDECLARED_SELECTOR = YES;
				GCC_WARN_UNINITIALIZED_AUTOS = YES_AGGRESSIVE;
				GCC_WARN_UNUSED_FUNCTION = YES;
				GCC_WARN_UNUSED_VARIABLE = YES;
				IPHONEOS_DEPLOYMENT_TARGET = 12.2;
				MTL_ENABLE_DEBUG_INFO = NO;
				MTL_FAST_MATH = YES;
				SDKROOT = iphoneos;
				SWIFT_COMPILATION_MODE = wholemodule;
				SWIFT_OPTIMIZATION_LEVEL = "-O";
				VALIDATE_PRODUCT = YES;
			};
			name = Release;
		};
		84E412FA22D8E72500CECDD4 /* Debug */ = {
			isa = XCBuildConfiguration;
			buildSettings = {
				ASSETCATALOG_COMPILER_APPICON_NAME = AppIcon;
				CODE_SIGN_STYLE = Automatic;
				DEVELOPMENT_TEAM = CRMHYJ9F9F;
				INFOPLIST_FILE = Project14WhackAPenguin/Info.plist;
				LD_RUNPATH_SEARCH_PATHS = (
					"$(inherited)",
					"@executable_path/Frameworks",
				);
				PRODUCT_BUNDLE_IDENTIFIER = com.joshdoesathing.Project14WhackAPenguin;
				PRODUCT_NAME = "$(TARGET_NAME)";
				SWIFT_VERSION = 5.0;
				TARGETED_DEVICE_FAMILY = 2;
			};
			name = Debug;
		};
		84E412FB22D8E72500CECDD4 /* Release */ = {
			isa = XCBuildConfiguration;
			buildSettings = {
				ASSETCATALOG_COMPILER_APPICON_NAME = AppIcon;
				CODE_SIGN_STYLE = Automatic;
				DEVELOPMENT_TEAM = CRMHYJ9F9F;
				INFOPLIST_FILE = Project14WhackAPenguin/Info.plist;
				LD_RUNPATH_SEARCH_PATHS = (
					"$(inherited)",
					"@executable_path/Frameworks",
				);
				PRODUCT_BUNDLE_IDENTIFIER = com.joshdoesathing.Project14WhackAPenguin;
				PRODUCT_NAME = "$(TARGET_NAME)";
				SWIFT_VERSION = 5.0;
				TARGETED_DEVICE_FAMILY = 2;
			};
			name = Release;
		};
/* End XCBuildConfiguration section */

/* Begin XCConfigurationList section */
		84E412DC22D8E72400CECDD4 /* Build configuration list for PBXProject "Project14WhackAPenguin" */ = {
			isa = XCConfigurationList;
			buildConfigurations = (
				84E412F722D8E72500CECDD4 /* Debug */,
				84E412F822D8E72500CECDD4 /* Release */,
			);
			defaultConfigurationIsVisible = 0;
			defaultConfigurationName = Release;
		};
		84E412F922D8E72500CECDD4 /* Build configuration list for PBXNativeTarget "Project14WhackAPenguin" */ = {
			isa = XCConfigurationList;
			buildConfigurations = (
				84E412FA22D8E72500CECDD4 /* Debug */,
				84E412FB22D8E72500CECDD4 /* Release */,
			);
			defaultConfigurationIsVisible = 0;
			defaultConfigurationName = Release;
		};
/* End XCConfigurationList section */
	};
	rootObject = 84E412D922D8E72400CECDD4 /* Project object */;
}
